
Microsoft Visual Studio Solution File, Format Version 12.00
# Visual Studio 2012
Project("{FAE04EC0-301F-11D3-BF4B-00C04F79EFBC}") = "CorporateAcademyPortal", "CorporateAcademyPortal\CorporateAcademyPortal.csproj", "{5FE79EA9-DC55-4C23-8314-0877F785E2B7}"
EndProject
Project("{2150E333-8FDC-42A3-9474-1A3956D46DE8}") = "CorporateAcademyPortalScheduleBusinessObject", "CorporateAcademyPortalScheduleBusinessObject", "{09901A2D-FBEC-4462-B0D1-5CF745F60546}"
EndProject
Project("{2150E333-8FDC-42A3-9474-1A3956D46DE8}") = "CorporateAcademyPortalScheduleBusinessLogic", "CorporateAcademyPortalScheduleBusinessLogic", "{E74E9DF5-9D0A-48C3-8853-C533071436E6}"
EndProject
Project("{2150E333-8FDC-42A3-9474-1A3956D46DE8}") = "CorporateAcademyPortalScheduleData", "CorporateAcademyPortalScheduleData", "{1ADB2182-CF32-40B6-AC65-D8F38814393D}"
EndProject
Project("{FAE04EC0-301F-11D3-BF4B-00C04F79EFBC}") = "CorporateAcademyPortalScheduleBusinessLogic", "CorporateAcademyPortalScheduleBusinessLogic\CorporateAcademyPortalScheduleBusinessLogic.csproj", "{B130F56D-6418-4950-A8B6-B254EF95DDCA}"
EndProject
Project("{FAE04EC0-301F-11D3-BF4B-00C04F79EFBC}") = "CorporateAcademyPortalScheduleBusinessObject", "CorporateAcademyPortalScheduleBusinessObject\CorporateAcademyPortalScheduleBusinessObject.csproj", "{1A59FC87-8001-43F1-85FF-FA63537E6376}"
EndProject
Project("{FAE04EC0-301F-11D3-BF4B-00C04F79EFBC}") = "CorporateAcademyPortalScheduleData", "CorporateAcademyPortalScheduleData\CorporateAcademyPortalScheduleData.csproj", "{C564F500-3D99-4A91-AA60-1AB943D14A06}"
EndProject
Global
	GlobalSection(SolutionConfigurationPlatforms) = preSolution
		Debug|Any CPU = Debug|Any CPU
		Release|Any CPU = Release|Any CPU
	EndGlobalSection
	GlobalSection(ProjectConfigurationPlatforms) = postSolution
		{5FE79EA9-DC55-4C23-8314-0877F785E2B7}.Debug|Any CPU.ActiveCfg = Debug|Any CPU
		{5FE79EA9-DC55-4C23-8314-0877F785E2B7}.Debug|Any CPU.Build.0 = Debug|Any CPU
		{5FE79EA9-DC55-4C23-8314-0877F785E2B7}.Release|Any CPU.ActiveCfg = Release|Any CPU
		{5FE79EA9-DC55-4C23-8314-0877F785E2B7}.Release|Any CPU.Build.0 = Release|Any CPU
		{B130F56D-6418-4950-A8B6-B254EF95DDCA}.Debug|Any CPU.ActiveCfg = Debug|Any CPU
		{B130F56D-6418-4950-A8B6-B254EF95DDCA}.Debug|Any CPU.Build.0 = Debug|Any CPU
		{B130F56D-6418-4950-A8B6-B254EF95DDCA}.Release|Any CPU.ActiveCfg = Release|Any CPU
		{B130F56D-6418-4950-A8B6-B254EF95DDCA}.Release|Any CPU.Build.0 = Release|Any CPU
		{1A59FC87-8001-43F1-85FF-FA63537E6376}.Debug|Any CPU.ActiveCfg = Debug|Any CPU
		{1A59FC87-8001-43F1-85FF-FA63537E6376}.Debug|Any CPU.Build.0 = Debug|Any CPU
		{1A59FC87-8001-43F1-85FF-FA63537E6376}.Release|Any CPU.ActiveCfg = Release|Any CPU
		{1A59FC87-8001-43F1-85FF-FA63537E6376}.Release|Any CPU.Build.0 = Release|Any CPU
		{C564F500-3D99-4A91-AA60-1AB943D14A06}.Debug|Any CPU.ActiveCfg = Debug|Any CPU
		{C564F500-3D99-4A91-AA60-1AB943D14A06}.Debug|Any CPU.Build.0 = Debug|Any CPU
		{C564F500-3D99-4A91-AA60-1AB943D14A06}.Release|Any CPU.ActiveCfg = Release|Any CPU
		{C564F500-3D99-4A91-AA60-1AB943D14A06}.Release|Any CPU.Build.0 = Release|Any CPU
	EndGlobalSection
	GlobalSection(SolutionProperties) = preSolution
		HideSolutionNode = FALSE
	EndGlobalSection
	GlobalSection(NestedProjects) = preSolution
		{1A59FC87-8001-43F1-85FF-FA63537E6376} = {09901A2D-FBEC-4462-B0D1-5CF745F60546}
		{B130F56D-6418-4950-A8B6-B254EF95DDCA} = {E74E9DF5-9D0A-48C3-8853-C533071436E6}
		{C564F500-3D99-4A91-AA60-1AB943D14A06} = {1ADB2182-CF32-40B6-AC65-D8F38814393D}
	EndGlobalSection
EndGlobal
